
Microsoft Visual Studio Solution File, Format Version 12.00
# Visual Studio Version 17
VisualStudioVersion = 17.0.31903.59
MinimumVisualStudioVersion = 10.0.40219.1
Project("{FAE04EC0-301F-11D3-BF4B-00C04F79EFBC}") = "WsTuneCommon", "Src\Libraries\WsTuneCommon\WsTuneCommon.csproj", "{DC6B5FE8-F659-45F3-BA70-BEBB0EA6A2B5}"
EndProject
Project("{FAE04EC0-301F-11D3-BF4B-00C04F79EFBC}") = "WsTuneCli.Host", "Src\WsTuneCli.Host\WsTuneCli.Host.csproj", "{DB80F87D-7713-4CF5-ADA7-B821A143D7E7}"
EndProject
Project("{2150E333-8FDC-42A3-9474-1A3956D46DE8}") = "Src", "Src", "{A963940E-78A1-467E-B1C4-BE5672BC8364}"
EndProject
Project("{FAE04EC0-301F-11D3-BF4B-00C04F79EFBC}") = "WsTuneCli.Listener", "Src\WsTuneCli.Listener\WsTuneCli.Listener.csproj", "{AA7B8035-D4D6-4D3B-BFE8-2193E700B843}"
EndProject
Project("{FAE04EC0-301F-11D3-BF4B-00C04F79EFBC}") = "WsTuneCli.Server", "Src\WsTuneCli.Server\WsTuneCli.Server.csproj", "{A5238C7C-38DD-44E1-8E8B-C39789485D92}"
EndProject
Project("{FAE04EC0-301F-11D3-BF4B-00C04F79EFBC}") = "WsTune.SignalR.Extensions", "Src\Libraries\WsTune.SignalR.Extensions\WsTune.SignalR.Extensions.csproj", "{015929A3-6EAF-4FEB-865E-5D4CB66505F1}"
EndProject
Project("{2150E333-8FDC-42A3-9474-1A3956D46DE8}") = "Libraries", "Libraries", "{044CED3E-167B-432B-B6E0-D7E591374251}"
EndProject
Project("{FAE04EC0-301F-11D3-BF4B-00C04F79EFBC}") = "WsAllInOne", "Src\WsAllInOne\WsAllInOne.csproj", "{E2677E13-02A2-4F44-930C-61EB17D5A782}"
EndProject
Project("{FAE04EC0-301F-11D3-BF4B-00C04F79EFBC}") = "WsAllInOne.Std", "Src\WsAllInOne.Std\WsAllInOne.Std.csproj", "{F45296FB-8D5E-4063-8BF3-84EFD9EC6ABB}"
EndProject
Global
	GlobalSection(SolutionConfigurationPlatforms) = preSolution
		Debug|Any CPU = Debug|Any CPU
		Release|Any CPU = Release|Any CPU
	EndGlobalSection
	GlobalSection(SolutionProperties) = preSolution
		HideSolutionNode = FALSE
	EndGlobalSection
	GlobalSection(ProjectConfigurationPlatforms) = postSolution
		{DC6B5FE8-F659-45F3-BA70-BEBB0EA6A2B5}.Debug|Any CPU.ActiveCfg = Debug|Any CPU
		{DC6B5FE8-F659-45F3-BA70-BEBB0EA6A2B5}.Debug|Any CPU.Build.0 = Debug|Any CPU
		{DC6B5FE8-F659-45F3-BA70-BEBB0EA6A2B5}.Release|Any CPU.ActiveCfg = Release|Any CPU
		{DC6B5FE8-F659-45F3-BA70-BEBB0EA6A2B5}.Release|Any CPU.Build.0 = Release|Any CPU
		{DB80F87D-7713-4CF5-ADA7-B821A143D7E7}.Debug|Any CPU.ActiveCfg = Debug|Any CPU
		{DB80F87D-7713-4CF5-ADA7-B821A143D7E7}.Debug|Any CPU.Build.0 = Debug|Any CPU
		{DB80F87D-7713-4CF5-ADA7-B821A143D7E7}.Release|Any CPU.ActiveCfg = Release|Any CPU
		{DB80F87D-7713-4CF5-ADA7-B821A143D7E7}.Release|Any CPU.Build.0 = Release|Any CPU
		{AA7B8035-D4D6-4D3B-BFE8-2193E700B843}.Debug|Any CPU.ActiveCfg = Debug|Any CPU
		{AA7B8035-D4D6-4D3B-BFE8-2193E700B843}.Debug|Any CPU.Build.0 = Debug|Any CPU
		{AA7B8035-D4D6-4D3B-BFE8-2193E700B843}.Release|Any CPU.ActiveCfg = Release|Any CPU
		{AA7B8035-D4D6-4D3B-BFE8-2193E700B843}.Release|Any CPU.Build.0 = Release|Any CPU
		{A5238C7C-38DD-44E1-8E8B-C39789485D92}.Debug|Any CPU.ActiveCfg = Debug|Any CPU
		{A5238C7C-38DD-44E1-8E8B-C39789485D92}.Debug|Any CPU.Build.0 = Debug|Any CPU
		{A5238C7C-38DD-44E1-8E8B-C39789485D92}.Release|Any CPU.ActiveCfg = Release|Any CPU
		{A5238C7C-38DD-44E1-8E8B-C39789485D92}.Release|Any CPU.Build.0 = Release|Any CPU
		{015929A3-6EAF-4FEB-865E-5D4CB66505F1}.Debug|Any CPU.ActiveCfg = Debug|Any CPU
		{015929A3-6EAF-4FEB-865E-5D4CB66505F1}.Debug|Any CPU.Build.0 = Debug|Any CPU
		{015929A3-6EAF-4FEB-865E-5D4CB66505F1}.Release|Any CPU.ActiveCfg = Release|Any CPU
		{015929A3-6EAF-4FEB-865E-5D4CB66505F1}.Release|Any CPU.Build.0 = Release|Any CPU
		{E2677E13-02A2-4F44-930C-61EB17D5A782}.Debug|Any CPU.ActiveCfg = Debug|Any CPU
		{E2677E13-02A2-4F44-930C-61EB17D5A782}.Debug|Any CPU.Build.0 = Debug|Any CPU
		{E2677E13-02A2-4F44-930C-61EB17D5A782}.Release|Any CPU.ActiveCfg = Release|Any CPU
		{E2677E13-02A2-4F44-930C-61EB17D5A782}.Release|Any CPU.Build.0 = Release|Any CPU
		{F45296FB-8D5E-4063-8BF3-84EFD9EC6ABB}.Debug|Any CPU.ActiveCfg = Debug|Any CPU
		{F45296FB-8D5E-4063-8BF3-84EFD9EC6ABB}.Debug|Any CPU.Build.0 = Debug|Any CPU
		{F45296FB-8D5E-4063-8BF3-84EFD9EC6ABB}.Release|Any CPU.ActiveCfg = Release|Any CPU
		{F45296FB-8D5E-4063-8BF3-84EFD9EC6ABB}.Release|Any CPU.Build.0 = Release|Any CPU
	EndGlobalSection
	GlobalSection(NestedProjects) = preSolution
		{DB80F87D-7713-4CF5-ADA7-B821A143D7E7} = {A963940E-78A1-467E-B1C4-BE5672BC8364}
		{AA7B8035-D4D6-4D3B-BFE8-2193E700B843} = {A963940E-78A1-467E-B1C4-BE5672BC8364}
		{A5238C7C-38DD-44E1-8E8B-C39789485D92} = {A963940E-78A1-467E-B1C4-BE5672BC8364}
		{044CED3E-167B-432B-B6E0-D7E591374251} = {A963940E-78A1-467E-B1C4-BE5672BC8364}
		{015929A3-6EAF-4FEB-865E-5D4CB66505F1} = {044CED3E-167B-432B-B6E0-D7E591374251}
		{DC6B5FE8-F659-45F3-BA70-BEBB0EA6A2B5} = {044CED3E-167B-432B-B6E0-D7E591374251}
		{E2677E13-02A2-4F44-930C-61EB17D5A782} = {A963940E-78A1-467E-B1C4-BE5672BC8364}
		{F45296FB-8D5E-4063-8BF3-84EFD9EC6ABB} = {A963940E-78A1-467E-B1C4-BE5672BC8364}
	EndGlobalSection
EndGlobal
